
Microsoft Visual Studio Solution File, Format Version 12.00
# Visual Studio Version 17
VisualStudioVersion = 17.0.31903.59
MinimumVisualStudioVersion = 10.0.40219.1
Project("{FAE04EC0-301F-11D3-BF4B-00C04F79EFBC}") = "Dispose.Ai", "Dispose.Ai\Dispose.Ai.csproj", "{A6F129C4-9A4F-4C3E-A502-777E04EE46C7}"
EndProject
Project("{FAE04EC0-301F-11D3-BF4B-00C04F79EFBC}") = "Dispose.Api", "Dispose.Api\Dispose.Api.csproj", "{9380B2CB-64F4-4B30-9D73-4679627FF74E}"
EndProject
Project("{FAE04EC0-301F-11D3-BF4B-00C04F79EFBC}") = "Dispose.Core", "Dispose.Core\Dispose.Core.csproj", "{DBAA224B-ACA5-4F41-B206-5BD1D8085A3C}"
EndProject
Project("{FAE04EC0-301F-11D3-BF4B-00C04F79EFBC}") = "Dispose.Infra", "Dispose.Infra\Dispose.Infra.csproj", "{D8C63F2E-11B5-4AC5-8EE3-4ED7CACA05D7}"
EndProject
Global
	GlobalSection(SolutionConfigurationPlatforms) = preSolution
		Debug|Any CPU = Debug|Any CPU
		Debug|x64 = Debug|x64
		Debug|x86 = Debug|x86
		Release|Any CPU = Release|Any CPU
		Release|x64 = Release|x64
		Release|x86 = Release|x86
	EndGlobalSection
	GlobalSection(ProjectConfigurationPlatforms) = postSolution
		{A6F129C4-9A4F-4C3E-A502-777E04EE46C7}.Debug|Any CPU.ActiveCfg = Debug|Any CPU
		{A6F129C4-9A4F-4C3E-A502-777E04EE46C7}.Debug|Any CPU.Build.0 = Debug|Any CPU
		{A6F129C4-9A4F-4C3E-A502-777E04EE46C7}.Debug|x64.ActiveCfg = Debug|Any CPU
		{A6F129C4-9A4F-4C3E-A502-777E04EE46C7}.Debug|x64.Build.0 = Debug|Any CPU
		{A6F129C4-9A4F-4C3E-A502-777E04EE46C7}.Debug|x86.ActiveCfg = Debug|Any CPU
		{A6F129C4-9A4F-4C3E-A502-777E04EE46C7}.Debug|x86.Build.0 = Debug|Any CPU
		{A6F129C4-9A4F-4C3E-A502-777E04EE46C7}.Release|Any CPU.ActiveCfg = Release|Any CPU
		{A6F129C4-9A4F-4C3E-A502-777E04EE46C7}.Release|Any CPU.Build.0 = Release|Any CPU
		{A6F129C4-9A4F-4C3E-A502-777E04EE46C7}.Release|x64.ActiveCfg = Release|Any CPU
		{A6F129C4-9A4F-4C3E-A502-777E04EE46C7}.Release|x64.Build.0 = Release|Any CPU
		{A6F129C4-9A4F-4C3E-A502-777E04EE46C7}.Release|x86.ActiveCfg = Release|Any CPU
		{A6F129C4-9A4F-4C3E-A502-777E04EE46C7}.Release|x86.Build.0 = Release|Any CPU
		{9380B2CB-64F4-4B30-9D73-4679627FF74E}.Debug|Any CPU.ActiveCfg = Debug|Any CPU
		{9380B2CB-64F4-4B30-9D73-4679627FF74E}.Debug|Any CPU.Build.0 = Debug|Any CPU
		{9380B2CB-64F4-4B30-9D73-4679627FF74E}.Debug|x64.ActiveCfg = Debug|Any CPU
		{9380B2CB-64F4-4B30-9D73-4679627FF74E}.Debug|x64.Build.0 = Debug|Any CPU
		{9380B2CB-64F4-4B30-9D73-4679627FF74E}.Debug|x86.ActiveCfg = Debug|Any CPU
		{9380B2CB-64F4-4B30-9D73-4679627FF74E}.Debug|x86.Build.0 = Debug|Any CPU
		{9380B2CB-64F4-4B30-9D73-4679627FF74E}.Release|Any CPU.ActiveCfg = Release|Any CPU
		{9380B2CB-64F4-4B30-9D73-4679627FF74E}.Release|Any CPU.Build.0 = Release|Any CPU
		{9380B2CB-64F4-4B30-9D73-4679627FF74E}.Release|x64.ActiveCfg = Release|Any CPU
		{9380B2CB-64F4-4B30-9D73-4679627FF74E}.Release|x64.Build.0 = Release|Any CPU
		{9380B2CB-64F4-4B30-9D73-4679627FF74E}.Release|x86.ActiveCfg = Release|Any CPU
		{9380B2CB-64F4-4B30-9D73-4679627FF74E}.Release|x86.Build.0 = Release|Any CPU
		{DBAA224B-ACA5-4F41-B206-5BD1D8085A3C}.Debug|Any CPU.ActiveCfg = Debug|Any CPU
		{DBAA224B-ACA5-4F41-B206-5BD1D8085A3C}.Debug|Any CPU.Build.0 = Debug|Any CPU
		{DBAA224B-ACA5-4F41-B206-5BD1D8085A3C}.Debug|x64.ActiveCfg = Debug|Any CPU
		{DBAA224B-ACA5-4F41-B206-5BD1D8085A3C}.Debug|x64.Build.0 = Debug|Any CPU
		{DBAA224B-ACA5-4F41-B206-5BD1D8085A3C}.Debug|x86.ActiveCfg = Debug|Any CPU
		{DBAA224B-ACA5-4F41-B206-5BD1D8085A3C}.Debug|x86.Build.0 = Debug|Any CPU
		{DBAA224B-ACA5-4F41-B206-5BD1D8085A3C}.Release|Any CPU.ActiveCfg = Release|Any CPU
		{DBAA224B-ACA5-4F41-B206-5BD1D8085A3C}.Release|Any CPU.Build.0 = Release|Any CPU
		{DBAA224B-ACA5-4F41-B206-5BD1D8085A3C}.Release|x64.ActiveCfg = Release|Any CPU
		{DBAA224B-ACA5-4F41-B206-5BD1D8085A3C}.Release|x64.Build.0 = Release|Any CPU
		{DBAA224B-ACA5-4F41-B206-5BD1D8085A3C}.Release|x86.ActiveCfg = Release|Any CPU
		{DBAA224B-ACA5-4F41-B206-5BD1D8085A3C}.Release|x86.Build.0 = Release|Any CPU
		{D8C63F2E-11B5-4AC5-8EE3-4ED7CACA05D7}.Debug|Any CPU.ActiveCfg = Debug|Any CPU
		{D8C63F2E-11B5-4AC5-8EE3-4ED7CACA05D7}.Debug|Any CPU.Build.0 = Debug|Any CPU
		{D8C63F2E-11B5-4AC5-8EE3-4ED7CACA05D7}.Debug|x64.ActiveCfg = Debug|Any CPU
		{D8C63F2E-11B5-4AC5-8EE3-4ED7CACA05D7}.Debug|x64.Build.0 = Debug|Any CPU
		{D8C63F2E-11B5-4AC5-8EE3-4ED7CACA05D7}.Debug|x86.ActiveCfg = Debug|Any CPU
		{D8C63F2E-11B5-4AC5-8EE3-4ED7CACA05D7}.Debug|x86.Build.0 = Debug|Any CPU
		{D8C63F2E-11B5-4AC5-8EE3-4ED7CACA05D7}.Release|Any CPU.ActiveCfg = Release|Any CPU
		{D8C63F2E-11B5-4AC5-8EE3-4ED7CACA05D7}.Release|Any CPU.Build.0 = Release|Any CPU
		{D8C63F2E-11B5-4AC5-8EE3-4ED7CACA05D7}.Release|x64.ActiveCfg = Release|Any CPU
		{D8C63F2E-11B5-4AC5-8EE3-4ED7CACA05D7}.Release|x64.Build.0 = Release|Any CPU
		{D8C63F2E-11B5-4AC5-8EE3-4ED7CACA05D7}.Release|x86.ActiveCfg = Release|Any CPU
		{D8C63F2E-11B5-4AC5-8EE3-4ED7CACA05D7}.Release|x86.Build.0 = Release|Any CPU
	EndGlobalSection
	GlobalSection(SolutionProperties) = preSolution
		HideSolutionNode = FALSE
	EndGlobalSection
EndGlobal
